
Microsoft Visual Studio Solution File, Format Version 12.00
# Visual Studio 14
VisualStudioVersion = 14.0.23107.0
MinimumVisualStudioVersion = 10.0.40219.1
Project("{8BC9CEB8-8B4A-11D0-8D11-00A0C91BC942}") = "ArduinoCode", "ArduinoCode.vcxproj", "{FEBEF98B-3E55-41BE-9E06-C56942CCD0DC}"
EndProject
Global
	GlobalSection(SolutionConfigurationPlatforms) = preSolution
		Debug|ARM64 = Debug|ARM64
		Debug|ARM = Debug|ARM
		Release|ARM64 = Release|ARM64
		Release|ARM = Release|ARM
	EndGlobalSection
	GlobalSection(ProjectConfigurationPlatforms) = postSolution
		{FEBEF98B-3E55-41BE-9E06-C56942CCD0DC}.Debug|ARM64.ActiveCfg = Debug|ARM64
		{FEBEF98B-3E55-41BE-9E06-C56942CCD0DC}.Debug|ARM64.Deploy.0 = ARM64
		{FEBEF98B-3E55-41BE-9E06-C56942CCD0DC}.Debug|ARM64.Build.0 = Debug|ARM64
		{FEBEF98B-3E55-41BE-9E06-C56942CCD0DC}.Debug|ARM.ActiveCfg = Debug|ARM
		{FEBEF98B-3E55-41BE-9E06-C56942CCD0DC}.Debug|ARM.Deploy.0 = ARM
		{FEBEF98B-3E55-41BE-9E06-C56942CCD0DC}.Debug|ARM.Build.0 = Debug|ARM
		{FEBEF98B-3E55-41BE-9E06-C56942CCD0DC}.Release|ARM64.ActiveCfg = Release|ARM64
		{FEBEF98B-3E55-41BE-9E06-C56942CCD0DC}.Release|ARM64.Deploy.0 = ARM64
		{FEBEF98B-3E55-41BE-9E06-C56942CCD0DC}.Release|ARM64.Build.0 = Release|ARM64
		{FEBEF98B-3E55-41BE-9E06-C56942CCD0DC}.Release|ARM.ActiveCfg = Release|ARM
		{FEBEF98B-3E55-41BE-9E06-C56942CCD0DC}.Release|ARM.Deploy.0 = ARM
		{FEBEF98B-3E55-41BE-9E06-C56942CCD0DC}.Release|ARM.Build.0 = Release|ARM
	EndGlobalSection
	GlobalSection(SolutionProperties) = preSolution
		HideSolutionNode = FALSE
	EndGlobalSection
EndGlobal
